--- 
specs: 
- rake: 
    version: 0.8.7
- addressable: 
    version: 2.1.2
- bcrypt-ruby: 
    version: 2.1.2
- builder: 
    version: 2.1.2
- json_pure: 
    version: 1.2.4
- rubyforge: 
    version: 2.0.4
- hoe: 
    version: 2.6.0
- chronic: 
    version: 0.2.3
- columnize: 
    version: 0.3.1
- diff-lcs: 
    version: 1.1.2
- trollop: 
    version: 1.16.2
- gherkin: 
    version: 1.0.26
- term-ansicolor: 
    version: 1.0.5
- cucumber: 
    version: 0.7.2
- data_objects: 
    version: 0.10.1
- extlib: 
    version: 0.9.14
- dm-core: 
    version: 0.10.2
- dm-aggregates: 
    version: 0.10.2
- fastercsv: 
    version: 1.5.3
- stringex: 
    version: 1.1.0
- uuidtools: 
    version: 2.1.1
- dm-types: 
    version: 0.10.2
- dm-validations: 
    version: 0.10.2
- do_sqlite3: 
    version: 0.10.1.1
- hpricot: 
    version: 0.8.2
- htmlentities: 
    version: 4.2.1
- id3lib-ruby: 
    version: 0.5.0
- linecache: 
    version: "0.43"
- mocha: 
    version: 0.9.8
- nokogiri: 
    version: 1.4.1
- rack: 
    version: 1.1.0
- ruby-debug-base: 
    version: 0.10.3
- ruby-debug: 
    version: 0.10.3
- rubyzip: 
    version: 0.9.4
- sinatra: 
    version: "1.0"
- sqlite3-ruby: 
    version: 1.2.5
hash: 8136feeeda5fa533af048565aec2d70d83faf88e
sources: 
- Rubygems: 
    uri: http://gemcutter.org
dependencies: 
  ruby-debug: 
    version: ">= 0"
    group: 
    - :default
  rubyzip: 
    version: ">= 0"
    group: 
    - :default
  sqlite3-ruby: 
    version: ">= 0"
    require: 
    - sqlite3
    group: 
    - :default
  nokogiri: 
    version: ">= 0"
    group: 
    - :default
  data_objects: 
    version: ">= 0"
    group: 
    - :default
  dm-types: 
    version: ~> 0.10.2
    group: 
    - :default
  dm-core: 
    version: ~> 0.10.2
    group: 
    - :default
  id3lib-ruby: 
    version: ">= 0"
    group: 
    - :default
  sinatra: 
    version: ">= 0"
    group: 
    - :default
  dm-validations: 
    version: ~> 0.10.2
    group: 
    - :default
  mocha: 
    version: ">= 0"
    group: 
    - :default
  htmlentities: 
    version: ">= 0"
    group: 
    - :default
  dm-aggregates: 
    version: ~> 0.10.2
    group: 
    - :default
  chronic: 
    version: ">= 0"
    group: 
    - :default
  do_sqlite3: 
    version: ~> 0.10.1
    group: 
    - :default
  hpricot: 
    version: ">= 0"
    group: 
    - :default
  cucumber: 
    version: ">= 0"
    group: 
    - :default
